
Microsoft Visual Studio Solution File, Format Version 12.00
# Visual Studio Version 17
VisualStudioVersion = 17.13.35825.156
MinimumVisualStudioVersion = 10.0.40219.1
Project("{FAE04EC0-301F-11D3-BF4B-00C04F79EFBC}") = "Lesson1-Lesson2", "Lesson1-Lesson2\Lesson1-Lesson2.csproj", "{845E6B09-80EB-41BA-A6AA-F1916B681955}"
EndProject
Project("{FAE04EC0-301F-11D3-BF4B-00C04F79EFBC}") = "Lessons_3-4", "Lessons_3-4\Lessons_3-4.csproj", "{E955E419-1D86-43BB-9794-12B055CA6C59}"
EndProject
Project("{FAE04EC0-301F-11D3-BF4B-00C04F79EFBC}") = "Lessons_5-6", "Lessons_5-6\Lessons_5-6.csproj", "{A33E1E31-2D5B-40B3-8B22-78F41CADF863}"
EndProject
Project("{FAE04EC0-301F-11D3-BF4B-00C04F79EFBC}") = "Lessons_7-8", "Lessons_7-8\Lessons_7-8.csproj", "{1E7ECF6E-9016-4734-9BB6-583ACE67EF60}"
EndProject
Project("{FAE04EC0-301F-11D3-BF4B-00C04F79EFBC}") = "Lessons_9-10", "Lessons_9-10\Lessons_9-10.csproj", "{E6F3DC6F-74B4-43DE-A834-0509DDE380C3}"
EndProject
Project("{FAE04EC0-301F-11D3-BF4B-00C04F79EFBC}") = "Lesson_11", "Lesson_11\Lesson_11.csproj", "{38DD7EE7-2621-49D3-9A15-997174B32D98}"
EndProject
Project("{FAE04EC0-301F-11D3-BF4B-00C04F79EFBC}") = "repetition", "repetition\repetition.csproj", "{D854CD2A-7486-4884-A053-2E7FDBD1F0E9}"
EndProject
Project("{FAE04EC0-301F-11D3-BF4B-00C04F79EFBC}") = "Lesson_12", "Lesson_12\Lesson_12.csproj", "{A3F828D7-573B-46A9-9370-81BD791CA4F3}"
EndProject
Global
	GlobalSection(SolutionConfigurationPlatforms) = preSolution
		Debug|Any CPU = Debug|Any CPU
		Release|Any CPU = Release|Any CPU
	EndGlobalSection
	GlobalSection(ProjectConfigurationPlatforms) = postSolution
		{845E6B09-80EB-41BA-A6AA-F1916B681955}.Debug|Any CPU.ActiveCfg = Debug|Any CPU
		{845E6B09-80EB-41BA-A6AA-F1916B681955}.Debug|Any CPU.Build.0 = Debug|Any CPU
		{845E6B09-80EB-41BA-A6AA-F1916B681955}.Release|Any CPU.ActiveCfg = Release|Any CPU
		{845E6B09-80EB-41BA-A6AA-F1916B681955}.Release|Any CPU.Build.0 = Release|Any CPU
		{E955E419-1D86-43BB-9794-12B055CA6C59}.Debug|Any CPU.ActiveCfg = Debug|Any CPU
		{E955E419-1D86-43BB-9794-12B055CA6C59}.Debug|Any CPU.Build.0 = Debug|Any CPU
		{E955E419-1D86-43BB-9794-12B055CA6C59}.Release|Any CPU.ActiveCfg = Release|Any CPU
		{E955E419-1D86-43BB-9794-12B055CA6C59}.Release|Any CPU.Build.0 = Release|Any CPU
		{A33E1E31-2D5B-40B3-8B22-78F41CADF863}.Debug|Any CPU.ActiveCfg = Debug|Any CPU
		{A33E1E31-2D5B-40B3-8B22-78F41CADF863}.Debug|Any CPU.Build.0 = Debug|Any CPU
		{A33E1E31-2D5B-40B3-8B22-78F41CADF863}.Release|Any CPU.ActiveCfg = Release|Any CPU
		{A33E1E31-2D5B-40B3-8B22-78F41CADF863}.Release|Any CPU.Build.0 = Release|Any CPU
		{1E7ECF6E-9016-4734-9BB6-583ACE67EF60}.Debug|Any CPU.ActiveCfg = Debug|Any CPU
		{1E7ECF6E-9016-4734-9BB6-583ACE67EF60}.Debug|Any CPU.Build.0 = Debug|Any CPU
		{1E7ECF6E-9016-4734-9BB6-583ACE67EF60}.Release|Any CPU.ActiveCfg = Release|Any CPU
		{1E7ECF6E-9016-4734-9BB6-583ACE67EF60}.Release|Any CPU.Build.0 = Release|Any CPU
		{E6F3DC6F-74B4-43DE-A834-0509DDE380C3}.Debug|Any CPU.ActiveCfg = Debug|Any CPU
		{E6F3DC6F-74B4-43DE-A834-0509DDE380C3}.Debug|Any CPU.Build.0 = Debug|Any CPU
		{E6F3DC6F-74B4-43DE-A834-0509DDE380C3}.Release|Any CPU.ActiveCfg = Release|Any CPU
		{E6F3DC6F-74B4-43DE-A834-0509DDE380C3}.Release|Any CPU.Build.0 = Release|Any CPU
		{38DD7EE7-2621-49D3-9A15-997174B32D98}.Debug|Any CPU.ActiveCfg = Debug|Any CPU
		{38DD7EE7-2621-49D3-9A15-997174B32D98}.Debug|Any CPU.Build.0 = Debug|Any CPU
		{38DD7EE7-2621-49D3-9A15-997174B32D98}.Release|Any CPU.ActiveCfg = Release|Any CPU
		{38DD7EE7-2621-49D3-9A15-997174B32D98}.Release|Any CPU.Build.0 = Release|Any CPU
		{D854CD2A-7486-4884-A053-2E7FDBD1F0E9}.Debug|Any CPU.ActiveCfg = Debug|Any CPU
		{D854CD2A-7486-4884-A053-2E7FDBD1F0E9}.Debug|Any CPU.Build.0 = Debug|Any CPU
		{D854CD2A-7486-4884-A053-2E7FDBD1F0E9}.Release|Any CPU.ActiveCfg = Release|Any CPU
		{D854CD2A-7486-4884-A053-2E7FDBD1F0E9}.Release|Any CPU.Build.0 = Release|Any CPU
		{A3F828D7-573B-46A9-9370-81BD791CA4F3}.Debug|Any CPU.ActiveCfg = Debug|Any CPU
		{A3F828D7-573B-46A9-9370-81BD791CA4F3}.Debug|Any CPU.Build.0 = Debug|Any CPU
		{A3F828D7-573B-46A9-9370-81BD791CA4F3}.Release|Any CPU.ActiveCfg = Release|Any CPU
		{A3F828D7-573B-46A9-9370-81BD791CA4F3}.Release|Any CPU.Build.0 = Release|Any CPU
	EndGlobalSection
	GlobalSection(SolutionProperties) = preSolution
		HideSolutionNode = FALSE
	EndGlobalSection
	GlobalSection(ExtensibilityGlobals) = postSolution
		SolutionGuid = {67A4DC26-B92F-4535-BAC8-5D841EF9B0BD}
	EndGlobalSection
EndGlobal
